PODS:
  - Date (0.1.0)
  - Nimble (3.2.0)
  - Quick (0.8.0)

DEPENDENCIES:
  - Date (from `../`)
  - Nimble (from `https://github.com/Quick/Nimble.git`, branch `master`)
  - Quick (~> 0.8.0)

EXTERNAL SOURCES:
  Date:
    :path: "../"
  Nimble:
    :branch: master
    :git: https://github.com/Quick/Nimble.git

CHECKOUT OPTIONS:
  Nimble:
    :commit: 3f3ae0ebd210ed563ce75e313f1b6022188eb660
    :git: https://github.com/Quick/Nimble.git

SPEC CHECKSUMS:
  Date: 18937f78ae95f8a7f4ca9455ca9641b7aad8cf5d
  Nimble: 703854335d181df169bbca9c97117b5cf8c47c1d
  Quick: 563d0f6ec5f72e394645adb377708639b7dd38ab

COCOAPODS: 0.39.0
